// !$*UTF8*$!
{
	archiveVersion = 1;
	classes = {
	};
	objectVersion = 46;
	objects = {

/* Begin PBXBuildFile section */
		001F55840FD48DDF0021731E /* AudioToolbox.framework in Frameworks */ = {isa = PBXBuildFile; fileRef = 001F55810FD48DDF0021731E /* AudioToolbox.framework */; };
		001F55850FD48DDF0021731E /* AudioUnit.framework in Frameworks */ = {isa = PBXBuildFile; fileRef = 001F55820FD48DDF0021731E /* AudioUnit.framework */; };
		001F55860FD48DDF0021731E /* CoreAudio.framework in Frameworks */ = {isa = PBXBuildFile; fileRef = 001F55830FD48DDF0021731E /* CoreAudio.framework */; };
		001F55880FD48DE90021731E /* Accelerate.framework in Frameworks */ = {isa = PBXBuildFile; fileRef = 001F55870FD48DE90021731E /* Accelerate.framework */; };
		0091D8F90E81B9330029341E /* OpenGL.framework in Frameworks */ = {isa = PBXBuildFile; fileRef = 0091D8F80E81B9330029341E /* OpenGL.framework */; };
		0097E3E50F3E9819005A4392 /* QuickTime.framework in Frameworks */ = {isa = PBXBuildFile; fileRef = 0097E3E40F3E9819005A4392 /* QuickTime.framework */; };
		00B9955A1B128DF400A5C623 /* IOKit.framework in Frameworks */ = {isa = PBXBuildFile; fileRef = 00B995581B128DF400A5C623 /* IOKit.framework */; };
		00B9955B1B128DF400A5C623 /* IOSurface.framework in Frameworks */ = {isa = PBXBuildFile; fileRef = 00B995591B128DF400A5C623 /* IOSurface.framework */; };
		110DC3D21ABA58EE0028C512 /* AVFoundation.framework in Frameworks */ = {isa = PBXBuildFile; fileRef = 110DC3D11ABA58EE0028C512 /* AVFoundation.framework */; };
		110DC3D41ABA58FB0028C512 /* CoreMedia.framework in Frameworks */ = {isa = PBXBuildFile; fileRef = 110DC3D31ABA58FB0028C512 /* CoreMedia.framework */; };
		4D3D0E971C53F3C000E85560 /* cApp.cpp in Sources */ = {isa = PBXBuildFile; fileRef = 4D3D0E961C53F3C000E85560 /* cApp.cpp */; };
		4D97F44F1C54811B005976D8 /* libtbb.dylib in Frameworks */ = {isa = PBXBuildFile; fileRef = 4D97F44E1C54811B005976D8 /* libtbb.dylib */; };
		4D97F4511C5481D1005976D8 /* libtbb.dylib in CopyFiles */ = {isa = PBXBuildFile; fileRef = 4D97F44E1C54811B005976D8 /* libtbb.dylib */; settings = {ATTRIBUTES = (CodeSignOnCopy, ); }; };
		5323E6B20EAFCA74003A9687 /* CoreVideo.framework in Frameworks */ = {isa = PBXBuildFile; fileRef = 5323E6B10EAFCA74003A9687 /* CoreVideo.framework */; };
		5323E6B60EAFCA7E003A9687 /* QTKit.framework in Frameworks */ = {isa = PBXBuildFile; fileRef = 5323E6B50EAFCA7E003A9687 /* QTKit.framework */; };
		53E3CDFC0E86099300238D2B /* Carbon.framework in Frameworks */ = {isa = PBXBuildFile; fileRef = 53E3CDFB0E86099300238D2B /* Carbon.framework */; };
		8D11072F0486CEB800E47090 /* Cocoa.framework in Frameworks */ = {isa = PBXBuildFile; fileRef = 1058C7A1FEA54F0111CA2CBB /* Cocoa.framework */; };
/* End PBXBuildFile section */

/* Begin PBXCopyFilesBuildPhase section */
		4D97F4501C5481CB005976D8 /* CopyFiles */ = {
			isa = PBXCopyFilesBuildPhase;
			buildActionMask = 2147483647;
			dstPath = "";
			dstSubfolderSpec = 6;
			files = (
				4D97F4511C5481D1005976D8 /* libtbb.dylib in CopyFiles */,
			);
			runOnlyForDeploymentPostprocessing = 0;
		};
/* End PBXCopyFilesBuildPhase section */

/* Begin PBXFileReference section */
		001F55810FD48DDF0021731E /* AudioToolbox.framework */ = {isa = PBXFileReference; lastKnownFileType = wrapper.framework; name = AudioToolbox.framework; path = System/Library/Frameworks/AudioToolbox.framework; sourceTree = SDKROOT; };
		001F55820FD48DDF0021731E /* AudioUnit.framework */ = {isa = PBXFileReference; lastKnownFileType = wrapper.framework; name = AudioUnit.framework; path = System/Library/Frameworks/AudioUnit.framework; sourceTree = SDKROOT; };
		001F55830FD48DDF0021731E /* CoreAudio.framework */ = {isa = PBXFileReference; lastKnownFileType = wrapper.framework; name = CoreAudio.framework; path = System/Library/Frameworks/CoreAudio.framework; sourceTree = SDKROOT; };
		001F55870FD48DE90021731E /* Accelerate.framework */ = {isa = PBXFileReference; lastKnownFileType = wrapper.framework; name = Accelerate.framework; path = System/Library/Frameworks/Accelerate.framework; sourceTree = SDKROOT; };
		0091D8F80E81B9330029341E /* OpenGL.framework */ = {isa = PBXFileReference; lastKnownFileType = wrapper.framework; name = OpenGL.framework; path = /System/Library/Frameworks/OpenGL.framework; sourceTree = "<absolute>"; };
		0097E3E40F3E9819005A4392 /* QuickTime.framework */ = {isa = PBXFileReference; lastKnownFileType = wrapper.framework; name = QuickTime.framework; path = /System/Library/Frameworks/QuickTime.framework; sourceTree = "<absolute>"; };
		00B995581B128DF400A5C623 /* IOKit.framework */ = {isa = PBXFileReference; lastKnownFileType = wrapper.framework; name = IOKit.framework; path = System/Library/Frameworks/IOKit.framework; sourceTree = SDKROOT; };
		00B995591B128DF400A5C623 /* IOSurface.framework */ = {isa = PBXFileReference; lastKnownFileType = wrapper.framework; name = IOSurface.framework; path = System/Library/Frameworks/IOSurface.framework; sourceTree = SDKROOT; };
		1058C7A1FEA54F0111CA2CBB /* Cocoa.framework */ = {isa = PBXFileReference; lastKnownFileType = wrapper.framework; name = Cocoa.framework; path = /System/Library/Frameworks/Cocoa.framework; sourceTree = "<absolute>"; };
		110DC3D11ABA58EE0028C512 /* AVFoundation.framework */ = {isa = PBXFileReference; lastKnownFileType = wrapper.framework; name = AVFoundation.framework; path = System/Library/Frameworks/AVFoundation.framework; sourceTree = SDKROOT; };
		110DC3D31ABA58FB0028C512 /* CoreMedia.framework */ = {isa = PBXFileReference; lastKnownFileType = wrapper.framework; name = CoreMedia.framework; path = System/Library/Frameworks/CoreMedia.framework; sourceTree = SDKROOT; };
		13E42FB307B3F0F600E4EEF1 /* CoreData.framework */ = {isa = PBXFileReference; lastKnownFileType = wrapper.framework; name = CoreData.framework; path = /System/Library/Frameworks/CoreData.framework; sourceTree = "<absolute>"; };
		29B97324FDCFA39411CA2CEA /* AppKit.framework */ = {isa = PBXFileReference; lastKnownFileType = wrapper.framework; name = AppKit.framework; path = /System/Library/Frameworks/AppKit.framework; sourceTree = "<absolute>"; };
		29B97325FDCFA39411CA2CEA /* Foundation.framework */ = {isa = PBXFileReference; lastKnownFileType = wrapper.framework; name = Foundation.framework; path = /System/Library/Frameworks/Foundation.framework; sourceTree = "<absolute>"; };
		4D3D0E961C53F3C000E85560 /* cApp.cpp */ = {isa = PBXFileReference; fileEncoding = 4; lastKnownFileType = sourcecode.cpp.cpp; path = cApp.cpp; sourceTree = "<group>"; };
		4D8D28B51C503E4600AF9DBE /* AudioOutput.h */ = {isa = PBXFileReference; lastKnownFileType = sourcecode.c.h; path = AudioOutput.h; sourceTree = "<group>"; };
		4D8D28B71C503E4600AF9DBE /* ConsoleColor.h */ = {isa = PBXFileReference; lastKnownFileType = sourcecode.c.h; path = ConsoleColor.h; sourceTree = "<group>"; };
		4D8D28B91C503E4600AF9DBE /* ContourMap.h */ = {isa = PBXFileReference; lastKnownFileType = sourcecode.c.h; path = ContourMap.h; sourceTree = "<group>"; };
		4D8D28BA1C503E4600AF9DBE /* CsoundOp.h */ = {isa = PBXFileReference; lastKnownFileType = sourcecode.c.h; path = CsoundOp.h; sourceTree = "<group>"; };
		4D8D28BC1C503E4600AF9DBE /* Exporter.h */ = {isa = PBXFileReference; lastKnownFileType = sourcecode.c.h; path = Exporter.h; sourceTree = "<group>"; };
		4D8D28BD1C503E4600AF9DBE /* FftWaveWriter.h */ = {isa = PBXFileReference; lastKnownFileType = sourcecode.c.h; path = FftWaveWriter.h; sourceTree = "<group>"; };
		4D8D28BE1C503E4600AF9DBE /* MonitorNodeNL.cpp */ = {isa = PBXFileReference; lastKnownFileType = sourcecode.cpp.cpp; path = MonitorNodeNL.cpp; sourceTree = "<group>"; };
		4D8D28BF1C503E4600AF9DBE /* MonitorNodeNL.h */ = {isa = PBXFileReference; lastKnownFileType = sourcecode.c.h; path = MonitorNodeNL.h; sourceTree = "<group>"; };
		4D8D28C01C503E4600AF9DBE /* mtSvg.h */ = {isa = PBXFileReference; lastKnownFileType = sourcecode.c.h; path = mtSvg.h; sourceTree = "<group>"; };
		4D8D28C11C503E4600AF9DBE /* mtUtil.h */ = {isa = PBXFileReference; lastKnownFileType = sourcecode.c.h; path = mtUtil.h; sourceTree = "<group>"; };
		4D8D28C41C503E4600AF9DBE /* RfExporterBin.h */ = {isa = PBXFileReference; lastKnownFileType = sourcecode.c.h; path = RfExporterBin.h; sourceTree = "<group>"; };
		4D8D28C51C503E4600AF9DBE /* RfImporterBin.h */ = {isa = PBXFileReference; lastKnownFileType = sourcecode.c.h; path = RfImporterBin.h; sourceTree = "<group>"; };
		4D8D28C61C503E4600AF9DBE /* RfImporterRpc.h */ = {isa = PBXFileReference; lastKnownFileType = sourcecode.c.h; path = RfImporterRpc.h; sourceTree = "<group>"; };
		4D8D28C71C503E4600AF9DBE /* SimFrame.h */ = {isa = PBXFileReference; lastKnownFileType = sourcecode.c.h; path = SimFrame.h; sourceTree = "<group>"; };
		4D8D28C81C503E4600AF9DBE /* SoundWriter.h */ = {isa = PBXFileReference; lastKnownFileType = sourcecode.c.h; path = SoundWriter.h; sourceTree = "<group>"; };
		4D8D28C91C503E4600AF9DBE /* TbbNpFinder.h */ = {isa = PBXFileReference; lastKnownFileType = sourcecode.c.h; path = TbbNpFinder.h; sourceTree = "<group>"; };
		4D8D28CA1C503E4600AF9DBE /* VboSet.h */ = {isa = PBXFileReference; lastKnownFileType = sourcecode.c.h; path = VboSet.h; sourceTree = "<group>"; };
		4D97F44E1C54811B005976D8 /* libtbb.dylib */ = {isa = PBXFileReference; lastKnownFileType = "compiled.mach-o.dylib"; name = libtbb.dylib; path = "../../blocks/tbb/lib/libc++/libtbb.dylib"; sourceTree = "<group>"; };
		4DE8B58F1C4D803800364042 /* debug.xcconfig */ = {isa = PBXFileReference; lastKnownFileType = text.xcconfig; name = debug.xcconfig; path = _misc/debug.xcconfig; sourceTree = "<group>"; };
		4DE8B5901C4D803800364042 /* Info.plist */ = {isa = PBXFileReference; lastKnownFileType = text.plist.xml; name = Info.plist; path = _misc/Info.plist; sourceTree = "<group>"; };
		4DE8B5911C4D803800364042 /* release.xcconfig */ = {isa = PBXFileReference; lastKnownFileType = text.xcconfig; name = release.xcconfig; path = _misc/release.xcconfig; sourceTree = "<group>"; };
		4DE8B5941C4D80F500364042 /* all.xcconfig */ = {isa = PBXFileReference; lastKnownFileType = text.xcconfig; name = all.xcconfig; path = ../_all_config/all.xcconfig; sourceTree = "<group>"; };
		5323E6B10EAFCA74003A9687 /* CoreVideo.framework */ = {isa = PBXFileReference; lastKnownFileType = wrapper.framework; name = CoreVideo.framework; path = /System/Library/Frameworks/CoreVideo.framework; sourceTree = "<absolute>"; };
		5323E6B50EAFCA7E003A9687 /* QTKit.framework */ = {isa = PBXFileReference; lastKnownFileType = wrapper.framework; name = QTKit.framework; path = /System/Library/Frameworks/QTKit.framework; sourceTree = "<absolute>"; };
		53E3CDFB0E86099300238D2B /* Carbon.framework */ = {isa = PBXFileReference; lastKnownFileType = wrapper.framework; name = Carbon.framework; path = /System/Library/Frameworks/Carbon.framework; sourceTree = "<absolute>"; };
		8D1107320486CEB800E47090 /* _sandbox_boost_stats.app */ = {isa = PBXFileReference; explicitFileType = wrapper.application; includeInIndex = 0; path = _sandbox_boost_stats.app; sourceTree = BUILT_PRODUCTS_DIR; };
/* End PBXFileReference section */

/* Begin PBXFrameworksBuildPhase section */
		8D11072E0486CEB800E47090 /* Frameworks */ = {
			isa = PBXFrameworksBuildPhase;
			buildActionMask = 2147483647;
			files = (
				110DC3D41ABA58FB0028C512 /* CoreMedia.framework in Frameworks */,
				00B9955B1B128DF400A5C623 /* IOSurface.framework in Frameworks */,
				00B9955A1B128DF400A5C623 /* IOKit.framework in Frameworks */,
				4D97F44F1C54811B005976D8 /* libtbb.dylib in Frameworks */,
				110DC3D21ABA58EE0028C512 /* AVFoundation.framework in Frameworks */,
				8D11072F0486CEB800E47090 /* Cocoa.framework in Frameworks */,
				0091D8F90E81B9330029341E /* OpenGL.framework in Frameworks */,
				53E3CDFC0E86099300238D2B /* Carbon.framework in Frameworks */,
				5323E6B20EAFCA74003A9687 /* CoreVideo.framework in Frameworks */,
				5323E6B60EAFCA7E003A9687 /* QTKit.framework in Frameworks */,
				0097E3E50F3E9819005A4392 /* QuickTime.framework in Frameworks */,
				001F55840FD48DDF0021731E /* AudioToolbox.framework in Frameworks */,
				001F55850FD48DDF0021731E /* AudioUnit.framework in Frameworks */,
				001F55860FD48DDF0021731E /* CoreAudio.framework in Frameworks */,
				001F55880FD48DE90021731E /* Accelerate.framework in Frameworks */,
			);
			runOnlyForDeploymentPostprocessing = 0;
		};
/* End PBXFrameworksBuildPhase section */

/* Begin PBXGroup section */
		1058C7A0FEA54F0111CA2CBB /* Linked Frameworks */ = {
			isa = PBXGroup;
			children = (
				001F55870FD48DE90021731E /* Accelerate.framework */,
				001F55810FD48DDF0021731E /* AudioToolbox.framework */,
				001F55820FD48DDF0021731E /* AudioUnit.framework */,
				001F55830FD48DDF0021731E /* CoreAudio.framework */,
				0097E3E40F3E9819005A4392 /* QuickTime.framework */,
				5323E6B50EAFCA7E003A9687 /* QTKit.framework */,
				5323E6B10EAFCA74003A9687 /* CoreVideo.framework */,
				53E3CDFB0E86099300238D2B /* Carbon.framework */,
				0091D8F80E81B9330029341E /* OpenGL.framework */,
				1058C7A1FEA54F0111CA2CBB /* Cocoa.framework */,
			);
			name = "Linked Frameworks";
			sourceTree = "<group>";
		};
		1058C7A2FEA54F0111CA2CBB /* Other Frameworks */ = {
			isa = PBXGroup;
			children = (
				29B97324FDCFA39411CA2CEA /* AppKit.framework */,
				13E42FB307B3F0F600E4EEF1 /* CoreData.framework */,
				29B97325FDCFA39411CA2CEA /* Foundation.framework */,
			);
			name = "Other Frameworks";
			sourceTree = "<group>";
		};
		19C28FACFE9D520D11CA2CBB /* Products */ = {
			isa = PBXGroup;
			children = (
				8D1107320486CEB800E47090 /* _sandbox_boost_stats.app */,
			);
			name = Products;
			sourceTree = "<group>";
		};
		29B97314FDCFA39411CA2CEA /* VboMesh */ = {
			isa = PBXGroup;
			children = (
				4D97F44E1C54811B005976D8 /* libtbb.dylib */,
				4D3D0E961C53F3C000E85560 /* cApp.cpp */,
				4D8D28B31C503E4600AF9DBE /* libmtb_0.9.0 */,
				29B97317FDCFA39411CA2CEA /* misc */,
				29B97323FDCFA39411CA2CEA /* Frameworks */,
				19C28FACFE9D520D11CA2CBB /* Products */,
			);
			name = VboMesh;
			sourceTree = "<group>";
		};
		29B97317FDCFA39411CA2CEA /* misc */ = {
			isa = PBXGroup;
			children = (
				4DE8B5941C4D80F500364042 /* all.xcconfig */,
				4DE8B58F1C4D803800364042 /* debug.xcconfig */,
				4DE8B5901C4D803800364042 /* Info.plist */,
				4DE8B5911C4D803800364042 /* release.xcconfig */,
			);
			name = misc;
			sourceTree = "<group>";
		};
		29B97323FDCFA39411CA2CEA /* Frameworks */ = {
			isa = PBXGroup;
			children = (
				110DC3D31ABA58FB0028C512 /* CoreMedia.framework */,
				00B995581B128DF400A5C623 /* IOKit.framework */,
				00B995591B128DF400A5C623 /* IOSurface.framework */,
				110DC3D11ABA58EE0028C512 /* AVFoundation.framework */,
				1058C7A0FEA54F0111CA2CBB /* Linked Frameworks */,
				1058C7A2FEA54F0111CA2CBB /* Other Frameworks */,
			);
			name = Frameworks;
			sourceTree = "<group>";
		};
		4D8D28B31C503E4600AF9DBE /* libmtb_0.9.0 */ = {
			isa = PBXGroup;
			children = (
				4D8D28B51C503E4600AF9DBE /* AudioOutput.h */,
				4D8D28B71C503E4600AF9DBE /* ConsoleColor.h */,
				4D8D28B91C503E4600AF9DBE /* ContourMap.h */,
				4D8D28BA1C503E4600AF9DBE /* CsoundOp.h */,
				4D8D28BC1C503E4600AF9DBE /* Exporter.h */,
				4D8D28BD1C503E4600AF9DBE /* FftWaveWriter.h */,
				4D8D28BE1C503E4600AF9DBE /* MonitorNodeNL.cpp */,
				4D8D28BF1C503E4600AF9DBE /* MonitorNodeNL.h */,
				4D8D28C01C503E4600AF9DBE /* mtSvg.h */,
				4D8D28C11C503E4600AF9DBE /* mtUtil.h */,
				4D8D28C41C503E4600AF9DBE /* RfExporterBin.h */,
				4D8D28C51C503E4600AF9DBE /* RfImporterBin.h */,
				4D8D28C61C503E4600AF9DBE /* RfImporterRpc.h */,
				4D8D28C71C503E4600AF9DBE /* SimFrame.h */,
				4D8D28C81C503E4600AF9DBE /* SoundWriter.h */,
				4D8D28C91C503E4600AF9DBE /* TbbNpFinder.h */,
				4D8D28CA1C503E4600AF9DBE /* VboSet.h */,
			);
			name = libmtb_0.9.0;
			path = ../../blocks/libmtb_0.9.0;
			sourceTree = "<group>";
		};
/* End PBXGroup section */

/* Begin PBXNativeTarget section */
		8D1107260486CEB800E47090 /* _sandbox_boost_stats */ = {
			isa = PBXNativeTarget;
			buildConfigurationList = C01FCF4A08A954540054247B /* Build configuration list for PBXNativeTarget "_sandbox_boost_stats" */;
			buildPhases = (
				8D1107290486CEB800E47090 /* Resources */,
				8D11072C0486CEB800E47090 /* Sources */,
				8D11072E0486CEB800E47090 /* Frameworks */,
				4D97F4501C5481CB005976D8 /* CopyFiles */,
				4D97F44D1C5480F1005976D8 /* ShellScript */,
			);
			buildRules = (
			);
			dependencies = (
			);
			name = _sandbox_boost_stats;
			productInstallPath = "$(HOME)/Applications";
			productName = VboMesh;
			productReference = 8D1107320486CEB800E47090 /* _sandbox_boost_stats.app */;
			productType = "com.apple.product-type.application";
		};
/* End PBXNativeTarget section */

/* Begin PBXProject section */
		29B97313FDCFA39411CA2CEA /* Project object */ = {
			isa = PBXProject;
			attributes = {
				LastUpgradeCheck = 0420;
			};
			buildConfigurationList = C01FCF4E08A954540054247B /* Build configuration list for PBXProject "_sandbox_boost_stats" */;
			compatibilityVersion = "Xcode 3.2";
			developmentRegion = English;
			hasScannedForEncodings = 1;
			knownRegions = (
				en,
			);
			mainGroup = 29B97314FDCFA39411CA2CEA /* VboMesh */;
			projectDirPath = "";
			projectRoot = "";
			targets = (
				8D1107260486CEB800E47090 /* _sandbox_boost_stats */,
			);
		};
/* End PBXProject section */

/* Begin PBXResourcesBuildPhase section */
		8D1107290486CEB800E47090 /* Resources */ = {
			isa = PBXResourcesBuildPhase;
			buildActionMask = 2147483647;
			files = (
			);
			runOnlyForDeploymentPostprocessing = 0;
		};
/* End PBXResourcesBuildPhase section */

/* Begin PBXShellScriptBuildPhase section */
		4D97F44D1C5480F1005976D8 /* ShellScript */ = {
			isa = PBXShellScriptBuildPhase;
			buildActionMask = 2147483647;
			files = (
			);
			inputPaths = (
			);
			outputPaths = (
			);
			runOnlyForDeploymentPostprocessing = 0;
			shellPath = /bin/sh;
			shellScript = "install_name_tool -change libtbb.dylib @executable_path/libtbb.dylib \"$TARGET_BUILD_DIR/$PRODUCT_NAME.app/Contents/MacOS/$PRODUCT_NAME\";\n\n\n\n\n\n\n";
		};
/* End PBXShellScriptBuildPhase section */

/* Begin PBXSourcesBuildPhase section */
		8D11072C0486CEB800E47090 /* Sources */ = {
			isa = PBXSourcesBuildPhase;
			buildActionMask = 2147483647;
			files = (
				4D3D0E971C53F3C000E85560 /* cApp.cpp in Sources */,
			);
			runOnlyForDeploymentPostprocessing = 0;
		};
/* End PBXSourcesBuildPhase section */

/* Begin XCBuildConfiguration section */
		C01FCF4B08A954540054247B /* Debug */ = {
			isa = XCBuildConfiguration;
			baseConfigurationReference = 4DE8B58F1C4D803800364042 /* debug.xcconfig */;
			buildSettings = {
				ALWAYS_SEARCH_USER_PATHS = NO;
				CLANG_CXX_LIBRARY = "libc++";
				COPY_PHASE_STRIP = NO;
				GCC_DYNAMIC_NO_PIC = NO;
				GCC_INLINES_ARE_PRIVATE_EXTERN = YES;
				GCC_OPTIMIZATION_LEVEL = 0;
				GCC_PRECOMPILE_PREFIX_HEADER = YES;
				GCC_PREFIX_HEADER = "";
				GCC_SYMBOLS_PRIVATE_EXTERN = NO;
				INFOPLIST_FILE = "$(SRCROOT)/_misc/Info.plist";
				INSTALL_PATH = "$(HOME)/Applications";
				OTHER_CPLUSPLUSFLAGS = (
					"$(OTHER_CFLAGS)",
					"-H",
				);
				OTHER_LDFLAGS = "$(inherited)";
				PRODUCT_MODULE_NAME = "$(PROJECT_NAME)";
				PRODUCT_NAME = _sandbox_boost_stats;
				SYMROOT = ./build;
				WRAPPER_EXTENSION = app;
			};
			name = Debug;
		};
		C01FCF4C08A954540054247B /* Release */ = {
			isa = XCBuildConfiguration;
			baseConfigurationReference = 4DE8B5911C4D803800364042 /* release.xcconfig */;
			buildSettings = {
				ALWAYS_SEARCH_USER_PATHS = NO;
				CLANG_CXX_LIBRARY = "libc++";
				DEAD_CODE_STRIPPING = NO;
				DEBUG_INFORMATION_FORMAT = dwarf;
				GCC_FAST_MATH = YES;
				GCC_INLINES_ARE_PRIVATE_EXTERN = YES;
				GCC_OPTIMIZATION_LEVEL = 3;
				GCC_PRECOMPILE_PREFIX_HEADER = YES;
				GCC_PREFIX_HEADER = "";
				GCC_SYMBOLS_PRIVATE_EXTERN = NO;
				INFOPLIST_FILE = "$(SRCROOT)/_misc/Info.plist";
				INSTALL_PATH = "$(HOME)/Applications";
				OTHER_CPLUSPLUSFLAGS = (
					"$(OTHER_CFLAGS)",
					"-H",
				);
				OTHER_LDFLAGS = "$(inherited)";
				PRODUCT_MODULE_NAME = "$(PROJECT_NAME)";
				PRODUCT_NAME = _sandbox_boost_stats;
				SYMROOT = ./build;
				WRAPPER_EXTENSION = app;
			};
			name = Release;
		};
		C01FCF4F08A954540054247B /* Debug */ = {
			isa = XCBuildConfiguration;
			buildSettings = {
				ALWAYS_SEARCH_USER_PATHS = NO;
				ARCHS = "$(ARCHS_STANDARD)";
				CINDER_PATH = ../..;
				CLANG_CXX_LANGUAGE_STANDARD = "c++14";
				CONFIGURATION_BUILD_DIR = "$(SRCROOT)/bin/";
				GCC_WARN_ABOUT_RETURN_TYPE = YES;
				GCC_WARN_UNUSED_VARIABLE = YES;
				HEADER_SEARCH_PATHS = "";
				MACOSX_DEPLOYMENT_TARGET = 10.8;
				SDKROOT = macosx;
				USER_HEADER_SEARCH_PATHS = "";
			};
			name = Debug;
		};
		C01FCF5008A954540054247B /* Release */ = {
			isa = XCBuildConfiguration;
			buildSettings = {
				ALWAYS_SEARCH_USER_PATHS = NO;
				ARCHS = "$(ARCHS_STANDARD)";
				CINDER_PATH = ../..;
				CLANG_CXX_LANGUAGE_STANDARD = "c++14";
				CONFIGURATION_BUILD_DIR = "$(SRCROOT)/bin/";
				GCC_WARN_ABOUT_RETURN_TYPE = YES;
				GCC_WARN_UNUSED_VARIABLE = YES;
				HEADER_SEARCH_PATHS = "";
				MACOSX_DEPLOYMENT_TARGET = 10.8;
				SDKROOT = macosx;
				USER_HEADER_SEARCH_PATHS = "";
			};
			name = Release;
		};
/* End XCBuildConfiguration section */

/* Begin XCConfigurationList section */
		C01FCF4A08A954540054247B /* Build configuration list for PBXNativeTarget "_sandbox_boost_stats" */ = {
			isa = XCConfigurationList;
			buildConfigurations = (
				C01FCF4B08A954540054247B /* Debug */,
				C01FCF4C08A954540054247B /* Release */,
			);
			defaultConfigurationIsVisible = 0;
			defaultConfigurationName = Release;
		};
		C01FCF4E08A954540054247B /* Build configuration list for PBXProject "_sandbox_boost_stats" */ = {
			isa = XCConfigurationList;
			buildConfigurations = (
				C01FCF4F08A954540054247B /* Debug */,
				C01FCF5008A954540054247B /* Release */,
			);
			defaultConfigurationIsVisible = 0;
			defaultConfigurationName = Release;
		};
/* End XCConfigurationList section */
	};
	rootObject = 29B97313FDCFA39411CA2CEA /* Project object */;
}
